<Solution>
  <Folder Name="/src/">
    <Project Path="src/BattleScribeSpec.TestKit/BattleScribeSpec.TestKit.csproj" />
    <Project Path="src/BattleScribeSpec.Oracle/BattleScribeSpec.Oracle.csproj" />
    <Project Path="src/BattleScribeSpec.Runner/BattleScribeSpec.Runner.csproj" />
    <Project Path="src/BattleScribeSpec.ReferenceAdapter/BattleScribeSpec.ReferenceAdapter.csproj" />
    <Project Path="src/BattleScribeSpec.NewRecruit/BattleScribeSpec.NewRecruit.csproj" />
    <Project Path="src/BattleScribeSpec.NewRecruit.HarTool/BattleScribeSpec.NewRecruit.HarTool.csproj" />
  </Folder>
  <Folder Name="/tests/">
    <Project Path="tests/BattleScribeSpec.Tests.csproj" />
  </Folder>
</Solution>
