<Solution>
  <Folder Name="/src/">
    <Project Path="src/BattleScribeSpec.TestKit/BattleScribeSpec.TestKit.csproj" />
    <Project Path="src/BattleScribeSpec.BattleScribe/BattleScribeSpec.BattleScribe.csproj" />
    <Project Path="src/BattleScribeSpec.Runner/BattleScribeSpec.Runner.csproj" />
    <Project Path="src/BattleScribeSpec.ReferenceAdapter/BattleScribeSpec.ReferenceAdapter.csproj" />
    <Project Path="src/BattleScribeSpec.NewRecruit/BattleScribeSpec.NewRecruit.csproj" />
    <Project Path="src/BattleScribeSpec.NewRecruit.HarTool/BattleScribeSpec.NewRecruit.HarTool.csproj" />
    <Project Path="src/BattleScribeSpec.Cli/BattleScribeSpec.Cli.csproj" />
    <Project Path="src/BattleScribeSpec.BsRosterUiDriver/BattleScribeSpec.BsRosterUiDriver.csproj" />
    <Project Path="src/BattleScribeSpec.NrRosterUiDriver/BattleScribeSpec.NrRosterUiDriver.csproj" />
    <Project Path="src/BattleScribeSpec.NrGameDataUiDriver/BattleScribeSpec.NrGameDataUiDriver.csproj" />
    <Project Path="src/BattleScribeSpec.BsGameDataUiDriver/BattleScribeSpec.BsGameDataUiDriver.csproj" />
  </Folder>
  <Folder Name="/tests/">
    <Project Path="tests/BattleScribeSpec.Tests.csproj" />
    <Project Path="tests/BattleScribeSpec.Cli.Tests/BattleScribeSpec.Cli.Tests.csproj" />
  </Folder>
</Solution>
