{
  "version": 2,
  "dependencies": {
    "net10.0": {
      "Microsoft.NET.ILLink.Tasks": {
        "type": "Direct",
        "requested": "[10.0.5, )",
        "resolved": "10.0.5",
        "contentHash": "A+5ZuQ0f449tM+MQrhf6R9ZX7lYpjk/ODEwLYKrnF6111rtARx8fVsm4YznUnQiKnnXfaXNBqgxmil6RW3L3SA=="
      },
      "Spectre.Console": {
        "type": "Direct",
        "requested": "[0.57.1, )",
        "resolved": "0.57.1",
        "contentHash": "h/B0CJLR5Ba8yq+iVjjZR9JXMS+8a1syHmHhyZ6w5m8rHDWLGOlaKAhzJanHJL62rZxynLeVOx+43MKvskJ1lA==",
        "dependencies": {
          "Spectre.Console.Ansi": "0.57.1"
        }
      },
      "System.CommandLine": {
        "type": "Direct",
        "requested": "[2.0.9, )",
        "resolved": "2.0.9",
        "contentHash": "SW0WhEk4NFVZ4lOnsLrHQOV/7s0eTidezNybHQWXfqhuXWB17X3RXbrifeWBbUx1iu+NcYchVSufmW7svjUEnA=="
      },
      "Spectre.Console.Ansi": {
        "type": "Transitive",
        "resolved": "0.57.1",
        "contentHash": "IFlXdGXOGD4XCK5ybZsXgQo7PE0ZE/pt9YFFWo2cECTipS8DrViLFazx+K00/A+fY1PlHYt1Vqwrjfod4EEckw=="
      },
      "battlescribespec.testkit": {
        "type": "Project",
        "dependencies": {
          "Vecc.YamlDotNet.Analyzers.StaticGenerator": "[18.1.0, )",
          "YamlDotNet": "[18.1.0, )"
        }
      },
      "battlescribespec.xmlgen": {
        "type": "Project",
        "dependencies": {
          "BattleScribeSpec.TestKit": "[1.0.0, )",
          "WarHub.ArmouryModel.Source": "[1.0.0, )",
          "WarHub.ArmouryModel.Source.BattleScribe": "[1.0.0, )"
        }
      },
      "warhub.armourymodel.source": {
        "type": "Project"
      },
      "warhub.armourymodel.source.battlescribe": {
        "type": "Project",
        "dependencies": {
          "WarHub.ArmouryModel.Source": "[1.0.0, )"
        }
      },
      "Vecc.YamlDotNet.Analyzers.StaticGenerator": {
        "type": "CentralTransitive",
        "requested": "[18.1.0, )",
        "resolved": "18.1.0",
        "contentHash": "LCS3M8xDJUoeSkKCi8i7mN/L0ODIrxLfF1Qy+PgkpxScBx1GLntgb+grV8f2byKnjoRwybJDc00nqEfvw4fX4g=="
      },
      "YamlDotNet": {
        "type": "CentralTransitive",
        "requested": "[18.1.0, )",
        "resolved": "18.1.0",
        "contentHash": "5K+9KFg2TdTl7VXv88Qzi/0lqK6JFoNP3lRuImPYGRV7K/QYklDyTrj4+A+KAki1JsQi6qKY+hDyY7d6WRqjrw=="
      }
    }
  }
}