{
  "version": 2,
  "dependencies": {
    "net10.0": {
      "Microsoft.Bcl.AsyncInterfaces": {
        "type": "Transitive",
        "resolved": "6.0.0",
        "contentHash": "UcSjPsst+DfAdJGVDsu346FX0ci0ah+lw3WRtn18NUwEqRt70HaOQ7lI72vy3+1LxtqI3T5GWwV39rQSrCzAeg=="
      },
      "System.ComponentModel.Annotations": {
        "type": "Transitive",
        "resolved": "5.0.0",
        "contentHash": "dMkqfy2el8A8/I76n2Hi1oBFEbG1SfxD2l5nhwXV3XjlnOmwxJlQbYpJH4W51odnU9sARCSAgv7S3CyAFMkpYg=="
      },
      "battlescribespec.newrecruit": {
        "type": "Project",
        "dependencies": {
          "BattleScribeSpec.Telemetry": "[1.0.0, )",
          "BattleScribeSpec.TestKit": "[1.0.0, )",
          "BattleScribeSpec.XmlGen": "[1.0.0, )",
          "Microsoft.Playwright": "[1.62.0, )",
          "WarHub.ArmouryModel.Source": "[1.0.0, )",
          "WarHub.ArmouryModel.Source.BattleScribe": "[1.0.0, )"
        }
      },
      "battlescribespec.telemetry": {
        "type": "Project"
      },
      "battlescribespec.testkit": {
        "type": "Project",
        "dependencies": {
          "BattleScribeSpec.Telemetry": "[1.0.0, )",
          "Vecc.YamlDotNet.Analyzers.StaticGenerator": "[18.1.0, )",
          "YamlDotNet": "[18.1.0, )"
        }
      },
      "battlescribespec.xmlgen": {
        "type": "Project",
        "dependencies": {
          "BattleScribeSpec.TestKit": "[1.0.0, )",
          "WarHub.ArmouryModel.Source": "[1.0.0, )",
          "WarHub.ArmouryModel.Source.BattleScribe": "[1.0.0, )"
        }
      },
      "warhub.armourymodel.source": {
        "type": "Project"
      },
      "warhub.armourymodel.source.battlescribe": {
        "type": "Project",
        "dependencies": {
          "WarHub.ArmouryModel.Source": "[1.0.0, )"
        }
      },
      "Microsoft.Playwright": {
        "type": "CentralTransitive",
        "requested": "[1.62.0, )",
        "resolved": "1.62.0",
        "contentHash": "cos6dmHPcMpS6bXw2WEgoXb8KXwMhs3c5L0P/cUf2rdUpjVA3g3u+KiSpVp2VCzsXymRpy2tFHqm+Wnz7s5VhQ==",
        "dependencies": {
          "Microsoft.Bcl.AsyncInterfaces": "6.0.0",
          "System.ComponentModel.Annotations": "5.0.0"
        }
      },
      "Vecc.YamlDotNet.Analyzers.StaticGenerator": {
        "type": "CentralTransitive",
        "requested": "[18.1.0, )",
        "resolved": "18.1.0",
        "contentHash": "LCS3M8xDJUoeSkKCi8i7mN/L0ODIrxLfF1Qy+PgkpxScBx1GLntgb+grV8f2byKnjoRwybJDc00nqEfvw4fX4g=="
      },
      "YamlDotNet": {
        "type": "CentralTransitive",
        "requested": "[18.1.0, )",
        "resolved": "18.1.0",
        "contentHash": "5K+9KFg2TdTl7VXv88Qzi/0lqK6JFoNP3lRuImPYGRV7K/QYklDyTrj4+A+KAki1JsQi6qKY+hDyY7d6WRqjrw=="
      }
    }
  }
}