{
  "version": 2,
  "dependencies": {
    "net10.0": {
      "IKVM": {
        "type": "Direct",
        "requested": "[8.16.1, )",
        "resolved": "8.16.1",
        "contentHash": "G2+zORawWskz0qouEHSsucy7pmzTgXluGImdRSlJRbte1QY1oHgwIyVw44VHkspIbgitjokaW/o4/1AiQfffFQ==",
        "dependencies": {
          "IKVM.ByteCode": "9.3.13",
          "IKVM.Image": "8.16.1",
          "IKVM.MSBuild": "8.16.1",
          "Microsoft.Extensions.DependencyModel": "8.0.2",
          "System.Data.Odbc": "8.0.0"
        }
      },
      "IKVM.ByteCode": {
        "type": "Transitive",
        "resolved": "9.3.13",
        "contentHash": "SWMkZk6x73P7U76N82BUNHQSyEEmvAbG4XvUHPOzlmb/SD31jRExyBKFj9srfbTBME5qFjNgn24ixpEHs22MLg=="
      },
      "IKVM.Image": {
        "type": "Transitive",
        "resolved": "8.16.1",
        "contentHash": "0XmHBTPphrkuMx4VrE9ybOak8PgqpQMdy2wYYxzrNycI7d6qNY8WNCrn4y8zSFS/2r6CiLNi1iexdxzxtoLb8w==",
        "dependencies": {
          "IKVM.Image.runtime.linux-arm": "8.16.1",
          "IKVM.Image.runtime.linux-arm64": "8.16.1",
          "IKVM.Image.runtime.linux-musl-arm": "8.16.1",
          "IKVM.Image.runtime.linux-musl-arm64": "8.16.1",
          "IKVM.Image.runtime.linux-musl-x64": "8.16.1",
          "IKVM.Image.runtime.linux-x64": "8.16.1",
          "IKVM.Image.runtime.osx-arm64": "8.16.1",
          "IKVM.Image.runtime.osx-x64": "8.16.1",
          "IKVM.Image.runtime.win-arm64": "8.16.1",
          "IKVM.Image.runtime.win-x64": "8.16.1",
          "IKVM.Image.runtime.win-x86": "8.16.1"
        }
      },
      "IKVM.Image.runtime.linux-arm": {
        "type": "Transitive",
        "resolved": "8.16.1",
        "contentHash": "NnZ7fxcmm9K+aeobTC5rcXzUw+6wCyfudO49uS2dq5JpK+gl/JQa4hJwqVMR602KrNtO0VfMOO0Lg8UpHImc5Q=="
      },
      "IKVM.Image.runtime.linux-arm64": {
        "type": "Transitive",
        "resolved": "8.16.1",
        "contentHash": "CvsnKKBX8UY7E9Aqd5rg59bdYMlRTPvpOkc+GT94V3GwWwwEaNe2jR2RsphfRIje15N0KGXqKl5mYTL3liLfMQ=="
      },
      "IKVM.Image.runtime.linux-musl-arm": {
        "type": "Transitive",
        "resolved": "8.16.1",
        "contentHash": "YcyMGWbThj9h29jbKSCWXnZbo+EhopBZU8C+fk4EDJ6fJ3ga5DNqGoHjbTjSxaHBVOp3NL//FgeVx21eR0X+Jg=="
      },
      "IKVM.Image.runtime.linux-musl-arm64": {
        "type": "Transitive",
        "resolved": "8.16.1",
        "contentHash": "mNsI6ari4FrSj6obEiB82qCpFfwdZbm7uMBxfOPm5YNEdEPGMfEB01S4ueVfHluoLBVrHlzoIfpMTGSFjYgldQ=="
      },
      "IKVM.Image.runtime.linux-musl-x64": {
        "type": "Transitive",
        "resolved": "8.16.1",
        "contentHash": "MtHgpWtCANNIKP/eL+7Mv7r4DmuvEKlqosq0hdzIWvRUr1lDathJ9FRsKu0Vr2Rh5nmSajhgAL5cUUwFeBdmsg=="
      },
      "IKVM.Image.runtime.linux-x64": {
        "type": "Transitive",
        "resolved": "8.16.1",
        "contentHash": "/q+z5KVvMa7XzACCbkLrjobyslzxIG6gZ8ZC/Aw0qT8TfDu+ieFSJ5MHzUcLpddTsvVj42sw7Y6LflSInw6f6g=="
      },
      "IKVM.Image.runtime.osx-arm64": {
        "type": "Transitive",
        "resolved": "8.16.1",
        "contentHash": "6KTgsDdQJzJZSqsiJGGNr7F3epeDwy21d94sdao5lKS0mGoKOFVnLe/xwv3MztRsJJtjaIt86dG0juZiNaF31g=="
      },
      "IKVM.Image.runtime.osx-x64": {
        "type": "Transitive",
        "resolved": "8.16.1",
        "contentHash": "JA5qeKP4KRcO0C0duj+bBTdhorr4u+QxFbHZUmHXKJN0B+37BuXosX/OLjNwYrzTrjXbBgD7QwKujCtd4k8xmQ=="
      },
      "IKVM.Image.runtime.win-arm64": {
        "type": "Transitive",
        "resolved": "8.16.1",
        "contentHash": "eumVwZf0/Ak++3bVf/zf5NAmZO9WbTDfm9/68TQtNPTN0zCFbIzNKTn6RCMA1hDQoryz65+mvFOo5IsnyEmQGQ=="
      },
      "IKVM.Image.runtime.win-x64": {
        "type": "Transitive",
        "resolved": "8.16.1",
        "contentHash": "+9eDApRZt7kNXiYH4pk9bFjjnF/EroM51UYzKENDAx0cy1PxmS9gOXr0oxyY/8/XxEQKGaUJ+C5QoDzf6Zj6Pw=="
      },
      "IKVM.Image.runtime.win-x86": {
        "type": "Transitive",
        "resolved": "8.16.1",
        "contentHash": "3AtcgQAafgZpwUAurIMbGS3vvSRqq/zvopOfywT1fREAXGDrWjMq+B/joYhgxeEo/bUoyPkXVLnil97+Bi9ddg=="
      },
      "IKVM.MSBuild": {
        "type": "Transitive",
        "resolved": "8.16.1",
        "contentHash": "OvrsW+au9FEWqHngoxFhNx0Dc6Xi7r9WDetHf9LFdbIkaPAvnuRzYCjZV9v6hkbWKGlVlb2ywM+YiKwT6gRVZw==",
        "dependencies": {
          "IKVM.MSBuild.Tools": "8.16.1"
        }
      },
      "IKVM.MSBuild.Tools": {
        "type": "Transitive",
        "resolved": "8.16.1",
        "contentHash": "rYBrXFK3jH84eT3gpHw4srPt2cUcGF7MGVHOt18IhJFw5g05cXtvyIccndU2vqzaOAW5cfumiVn+KdjDkTXttg==",
        "dependencies": {
          "IKVM.MSBuild.Tools.runtime.linux-arm": "8.16.1",
          "IKVM.MSBuild.Tools.runtime.linux-arm64": "8.16.1",
          "IKVM.MSBuild.Tools.runtime.linux-x64": "8.16.1",
          "IKVM.MSBuild.Tools.runtime.osx-arm64": "8.16.1",
          "IKVM.MSBuild.Tools.runtime.osx-x64": "8.16.1",
          "IKVM.MSBuild.Tools.runtime.win-arm64": "8.16.1",
          "IKVM.MSBuild.Tools.runtime.win-x64": "8.16.1"
        }
      },
      "IKVM.MSBuild.Tools.runtime.linux-arm": {
        "type": "Transitive",
        "resolved": "8.16.1",
        "contentHash": "k09BppKMILNovqiegb2M871+zLIorSqt4RnyAV3of2u0DisASThEuwJpyDByS+EDFAXYC+X+iEW5OZtcoxpS9Q=="
      },
      "IKVM.MSBuild.Tools.runtime.linux-arm64": {
        "type": "Transitive",
        "resolved": "8.16.1",
        "contentHash": "aXfmpmaeVvGqjCbfRSftvg+Jmqyx5r7I+cEJkNWmm8IiRvdCGRk2MKGkxnL97XDkpy3XNrAvMhGQInRkrlx6VA=="
      },
      "IKVM.MSBuild.Tools.runtime.linux-x64": {
        "type": "Transitive",
        "resolved": "8.16.1",
        "contentHash": "+TrgbcBCms21SR2ji6htlvY4Mj9ozLBw6NLJTs3lOX4XQavVn8C9JxsZYJEmDXcKd1hD6HiYKeWuxXule0vANw=="
      },
      "IKVM.MSBuild.Tools.runtime.osx-arm64": {
        "type": "Transitive",
        "resolved": "8.16.1",
        "contentHash": "gP/P5oLJpg0av7nZLMPPCO7TMkUmOshIAeGy+hGow5jFPQl69Gw4P6P84dfyR+rnOp4mhsUBIDSZs5LemZzMRw=="
      },
      "IKVM.MSBuild.Tools.runtime.osx-x64": {
        "type": "Transitive",
        "resolved": "8.16.1",
        "contentHash": "whMMAEJ41fsjcHe9MLlY/9IYHt27d3op2Sr3kBTL2drTwB44OpQmJZyy4WcxGgsxZZthxyW/eKfvrWVaUpsmJQ=="
      },
      "IKVM.MSBuild.Tools.runtime.win-arm64": {
        "type": "Transitive",
        "resolved": "8.16.1",
        "contentHash": "aksRjwWPNZadA34Llwev6EoLzs4xZVkk4WzTUIylM2p4ZSHV4eyVlX16rLNP1fGWSo9gnPgzgplT9u/8y16Mvg=="
      },
      "IKVM.MSBuild.Tools.runtime.win-x64": {
        "type": "Transitive",
        "resolved": "8.16.1",
        "contentHash": "euONYY80rZMIp8+XnW3hcAd9pclGttgnyi8RN4Peav9nEeia/iLMIBR23B4gGpj/J8+RFekaeFGLu3j+rR7Peg=="
      },
      "Microsoft.Extensions.DependencyModel": {
        "type": "Transitive",
        "resolved": "8.0.2",
        "contentHash": "mUBDZZRgZrSyFOsJ2qJJ9fXfqd/kXJwf3AiDoqLD9m6TjY5OO/vLNOb9fb4juC0487eq4hcGN/M2Rh/CKS7QYw=="
      },
      "System.Data.Odbc": {
        "type": "Transitive",
        "resolved": "8.0.0",
        "contentHash": "c+GfnZt2/HyU+voKw2fctLZClcNjPZPWS+mnIhGvDknRMqL/fwWlREWPgA4csbp9ZkQIgB4qkufgdh/oh5Ubow=="
      },
      "battlescribespec.telemetry": {
        "type": "Project"
      },
      "battlescribespec.testkit": {
        "type": "Project",
        "dependencies": {
          "BattleScribeSpec.Telemetry": "[1.0.0, )",
          "Vecc.YamlDotNet.Analyzers.StaticGenerator": "[18.1.0, )",
          "YamlDotNet": "[18.1.0, )"
        }
      },
      "warhub.armourymodel.projectmodel": {
        "type": "Project",
        "dependencies": {
          "WarHub.ArmouryModel.Source": "[1.0.0, )"
        }
      },
      "warhub.armourymodel.source": {
        "type": "Project"
      },
      "warhub.armourymodel.source.battlescribe": {
        "type": "Project",
        "dependencies": {
          "WarHub.ArmouryModel.Source": "[1.0.0, )"
        }
      },
      "warhub.armourymodel.workspaces.battlescribe": {
        "type": "Project",
        "dependencies": {
          "WarHub.ArmouryModel.ProjectModel": "[1.0.0, )",
          "WarHub.ArmouryModel.Source": "[1.0.0, )",
          "WarHub.ArmouryModel.Source.BattleScribe": "[1.0.0, )"
        }
      },
      "Vecc.YamlDotNet.Analyzers.StaticGenerator": {
        "type": "CentralTransitive",
        "requested": "[18.1.0, )",
        "resolved": "18.1.0",
        "contentHash": "LCS3M8xDJUoeSkKCi8i7mN/L0ODIrxLfF1Qy+PgkpxScBx1GLntgb+grV8f2byKnjoRwybJDc00nqEfvw4fX4g=="
      },
      "YamlDotNet": {
        "type": "CentralTransitive",
        "requested": "[18.1.0, )",
        "resolved": "18.1.0",
        "contentHash": "5K+9KFg2TdTl7VXv88Qzi/0lqK6JFoNP3lRuImPYGRV7K/QYklDyTrj4+A+KAki1JsQi6qKY+hDyY7d6WRqjrw=="
      }
    }
  }
}